
Microsoft Visual Studio Solution File, Format Version 12.00
# Visual Studio 15
VisualStudioVersion = 15.0.28307.489
MinimumVisualStudioVersion = 10.0.40219.1
Project("{FAE04EC0-301F-11D3-BF4B-00C04F79EFBC}") = "ChaosDivinity", "ChaosDivinity\ChaosDivinity.csproj", "{5C1939AC-1C60-424B-BC19-9DCFEA5E4E80}"
EndProject
Global
	GlobalSection(SolutionConfigurationPlatforms) = preSolution
		Debug|ARM = Debug|ARM
		Debug|ARM64 = Debug|ARM64
		Debug|x64 = Debug|x64
		Debug|x86 = Debug|x86
		Release|ARM = Release|ARM
		Release|ARM64 = Release|ARM64
		Release|x64 = Release|x64
		Release|x86 = Release|x86
	EndGlobalSection
	GlobalSection(ProjectConfigurationPlatforms) = postSolution
		{5C1939AC-1C60-424B-BC19-9DCFEA5E4E80}.Debug|ARM.ActiveCfg = Debug|ARM
		{5C1939AC-1C60-424B-BC19-9DCFEA5E4E80}.Debug|ARM.Build.0 = Debug|ARM
		{5C1939AC-1C60-424B-BC19-9DCFEA5E4E80}.Debug|ARM.Deploy.0 = Debug|ARM
		{5C1939AC-1C60-424B-BC19-9DCFEA5E4E80}.Debug|ARM64.ActiveCfg = Debug|ARM64
		{5C1939AC-1C60-424B-BC19-9DCFEA5E4E80}.Debug|ARM64.Build.0 = Debug|ARM64
		{5C1939AC-1C60-424B-BC19-9DCFEA5E4E80}.Debug|ARM64.Deploy.0 = Debug|ARM64
		{5C1939AC-1C60-424B-BC19-9DCFEA5E4E80}.Debug|x64.ActiveCfg = Debug|x64
		{5C1939AC-1C60-424B-BC19-9DCFEA5E4E80}.Debug|x64.Build.0 = Debug|x64
		{5C1939AC-1C60-424B-BC19-9DCFEA5E4E80}.Debug|x64.Deploy.0 = Debug|x64
		{5C1939AC-1C60-424B-BC19-9DCFEA5E4E80}.Debug|x86.ActiveCfg = Debug|x86
		{5C1939AC-1C60-424B-BC19-9DCFEA5E4E80}.Debug|x86.Build.0 = Debug|x86
		{5C1939AC-1C60-424B-BC19-9DCFEA5E4E80}.Debug|x86.Deploy.0 = Debug|x86
		{5C1939AC-1C60-424B-BC19-9DCFEA5E4E80}.Release|ARM.ActiveCfg = Release|ARM
		{5C1939AC-1C60-424B-BC19-9DCFEA5E4E80}.Release|ARM.Build.0 = Release|ARM
		{5C1939AC-1C60-424B-BC19-9DCFEA5E4E80}.Release|ARM.Deploy.0 = Release|ARM
		{5C1939AC-1C60-424B-BC19-9DCFEA5E4E80}.Release|ARM64.ActiveCfg = Release|ARM64
		{5C1939AC-1C60-424B-BC19-9DCFEA5E4E80}.Release|ARM64.Build.0 = Release|ARM64
		{5C1939AC-1C60-424B-BC19-9DCFEA5E4E80}.Release|ARM64.Deploy.0 = Release|ARM64
		{5C1939AC-1C60-424B-BC19-9DCFEA5E4E80}.Release|x64.ActiveCfg = Release|x64
		{5C1939AC-1C60-424B-BC19-9DCFEA5E4E80}.Release|x64.Build.0 = Release|x64
		{5C1939AC-1C60-424B-BC19-9DCFEA5E4E80}.Release|x64.Deploy.0 = Release|x64
		{5C1939AC-1C60-424B-BC19-9DCFEA5E4E80}.Release|x86.ActiveCfg = Release|x86
		{5C1939AC-1C60-424B-BC19-9DCFEA5E4E80}.Release|x86.Build.0 = Release|x86
		{5C1939AC-1C60-424B-BC19-9DCFEA5E4E80}.Release|x86.Deploy.0 = Release|x86
	EndGlobalSection
	GlobalSection(SolutionProperties) = preSolution
		HideSolutionNode = FALSE
	EndGlobalSection
	GlobalSection(ExtensibilityGlobals) = postSolution
		SolutionGuid = {C492F4A3-835B-4BE7-9862-1CCC1BBC73CE}
	EndGlobalSection
EndGlobal
