
Microsoft Visual Studio Solution File, Format Version 12.00
# Visual Studio 15
VisualStudioVersion = 15.0.28307.489
MinimumVisualStudioVersion = 10.0.40219.1
Project("{FAE04EC0-301F-11D3-BF4B-00C04F79EFBC}") = "ChaosDivinityConsoleApp", "ChaosDivinityConsoleApp\ChaosDivinityConsoleApp.csproj", "{659E916E-43C2-488D-B3E1-83D6E5CBBA5F}"
EndProject
Global
	GlobalSection(SolutionConfigurationPlatforms) = preSolution
		Debug|Any CPU = Debug|Any CPU
		Release|Any CPU = Release|Any CPU
	EndGlobalSection
	GlobalSection(ProjectConfigurationPlatforms) = postSolution
		{659E916E-43C2-488D-B3E1-83D6E5CBBA5F}.Debug|Any CPU.ActiveCfg = Debug|Any CPU
		{659E916E-43C2-488D-B3E1-83D6E5CBBA5F}.Debug|Any CPU.Build.0 = Debug|Any CPU
		{659E916E-43C2-488D-B3E1-83D6E5CBBA5F}.Release|Any CPU.ActiveCfg = Release|Any CPU
		{659E916E-43C2-488D-B3E1-83D6E5CBBA5F}.Release|Any CPU.Build.0 = Release|Any CPU
	EndGlobalSection
	GlobalSection(SolutionProperties) = preSolution
		HideSolutionNode = FALSE
	EndGlobalSection
	GlobalSection(ExtensibilityGlobals) = postSolution
		SolutionGuid = {B4955880-00FB-4882-9F5E-1DDD28E9C4EE}
	EndGlobalSection
EndGlobal
